// !$*UTF8*$!
{
	archiveVersion = 1;
	classes = {
	};
	objectVersion = 56;
	objects = {

/* Begin PBXBuildFile section */
		BD1092732BFE42E100E5EDCA /* FlyingNumber.swift in Sources */ = {isa = PBXBuildFile; fileRef = BD1092722BFE42E100E5EDCA /* FlyingNumber.swift */; };
		BD8028602BC9841600369BB7 /* Build_Your_Own_Final_ProjectApp.swift in Sources */ = {isa = PBXBuildFile; fileRef = BD80285F2BC9841600369BB7 /* Build_Your_Own_Final_ProjectApp.swift */; };
		BD8028622BC9841600369BB7 /* ContentView.swift in Sources */ = {isa = PBXBuildFile; fileRef = BD8028612BC9841600369BB7 /* ContentView.swift */; };
		BD8028642BC9841700369BB7 /* Assets.xcassets in Resources */ = {isa = PBXBuildFile; fileRef = BD8028632BC9841700369BB7 /* Assets.xcassets */; };
		BD8028672BC9841700369BB7 /* Preview Assets.xcassets in Resources */ = {isa = PBXBuildFile; fileRef = BD8028662BC9841700369BB7 /* Preview Assets.xcassets */; };
		BDFEA14A2BE920B20081B60B /* MemoryGame.swift in Sources */ = {isa = PBXBuildFile; fileRef = BDFEA1492BE920B20081B60B /* MemoryGame.swift */; };
		BDFEA14C2BE922820081B60B /* CardMemoryGame.swift in Sources */ = {isa = PBXBuildFile; fileRef = BDFEA14B2BE922820081B60B /* CardMemoryGame.swift */; };
		BDFEA14E2BF1B03B0081B60B /* PieCoundownTimer.swift in Sources */ = {isa = PBXBuildFile; fileRef = BDFEA14D2BF1B03B0081B60B /* PieCoundownTimer.swift */; };
		BDFEA1502BF1BB820081B60B /* Cardify.swift in Sources */ = {isa = PBXBuildFile; fileRef = BDFEA14F2BF1BB820081B60B /* Cardify.swift */; };
		E28B96DC2BD6B20F00E33E47 /* GameView.swift in Sources */ = {isa = PBXBuildFile; fileRef = E28B96DB2BD6B20F00E33E47 /* GameView.swift */; };
		E28B96E22BD94EDB00E33E47 /* GridOptions.swift in Sources */ = {isa = PBXBuildFile; fileRef = E28B96E12BD94EDB00E33E47 /* GridOptions.swift */; };
/* End PBXBuildFile section */

/* Begin PBXFileReference section */
		BD1092722BFE42E100E5EDCA /* FlyingNumber.swift */ = {isa = PBXFileReference; lastKnownFileType = sourcecode.swift; name = FlyingNumber.swift; path = "Build Your Own Final Project/Funtionalities/FlyingNumber.swift"; sourceTree = SOURCE_ROOT; };
		BD80285C2BC9841600369BB7 /* Build Your Own Final Project.app */ = {isa = PBXFileReference; explicitFileType = wrapper.application; includeInIndex = 0; path = "Build Your Own Final Project.app"; sourceTree = BUILT_PRODUCTS_DIR; };
		BD80285F2BC9841600369BB7 /* Build_Your_Own_Final_ProjectApp.swift */ = {isa = PBXFileReference; lastKnownFileType = sourcecode.swift; path = Build_Your_Own_Final_ProjectApp.swift; sourceTree = "<group>"; };
		BD8028612BC9841600369BB7 /* ContentView.swift */ = {isa = PBXFileReference; lastKnownFileType = sourcecode.swift; path = ContentView.swift; sourceTree = "<group>"; };
		BD8028632BC9841700369BB7 /* Assets.xcassets */ = {isa = PBXFileReference; lastKnownFileType = folder.assetcatalog; path = Assets.xcassets; sourceTree = "<group>"; };
		BD8028662BC9841700369BB7 /* Preview Assets.xcassets */ = {isa = PBXFileReference; lastKnownFileType = folder.assetcatalog; path = "Preview Assets.xcassets"; sourceTree = "<group>"; };
		BDFEA1492BE920B20081B60B /* MemoryGame.swift */ = {isa = PBXFileReference; lastKnownFileType = sourcecode.swift; path = MemoryGame.swift; sourceTree = "<group>"; };
		BDFEA14B2BE922820081B60B /* CardMemoryGame.swift */ = {isa = PBXFileReference; lastKnownFileType = sourcecode.swift; path = CardMemoryGame.swift; sourceTree = "<group>"; };
		BDFEA14D2BF1B03B0081B60B /* PieCoundownTimer.swift */ = {isa = PBXFileReference; lastKnownFileType = sourcecode.swift; path = PieCoundownTimer.swift; sourceTree = "<group>"; };
		BDFEA14F2BF1BB820081B60B /* Cardify.swift */ = {isa = PBXFileReference; lastKnownFileType = sourcecode.swift; path = Cardify.swift; sourceTree = "<group>"; };
		E28B96DB2BD6B20F00E33E47 /* GameView.swift */ = {isa = PBXFileReference; lastKnownFileType = sourcecode.swift; path = GameView.swift; sourceTree = "<group>"; };
		E28B96E12BD94EDB00E33E47 /* GridOptions.swift */ = {isa = PBXFileReference; lastKnownFileType = sourcecode.swift; path = GridOptions.swift; sourceTree = "<group>"; };
/* End PBXFileReference section */

/* Begin PBXFrameworksBuildPhase section */
		BD8028592BC9841600369BB7 /* Frameworks */ = {
			isa = PBXFrameworksBuildPhase;
			buildActionMask = 2147483647;
			files = (
			);
			runOnlyForDeploymentPostprocessing = 0;
		};
/* End PBXFrameworksBuildPhase section */

/* Begin PBXGroup section */
		BD8028532BC9841600369BB7 = {
			isa = PBXGroup;
			children = (
				BD80285E2BC9841600369BB7 /* Build Your Own Final Project */,
				BD80285D2BC9841600369BB7 /* Products */,
			);
			sourceTree = "<group>";
		};
		BD80285D2BC9841600369BB7 /* Products */ = {
			isa = PBXGroup;
			children = (
				BD80285C2BC9841600369BB7 /* Build Your Own Final Project.app */,
			);
			name = Products;
			sourceTree = "<group>";
		};
		BD80285E2BC9841600369BB7 /* Build Your Own Final Project */ = {
			isa = PBXGroup;
			children = (
				BD80285F2BC9841600369BB7 /* Build_Your_Own_Final_ProjectApp.swift */,
				E28B96DD2BD6B25900E33E47 /* Views */,
				BDFEA1482BE920330081B60B /* Funtionalities */,
				BD8028632BC9841700369BB7 /* Assets.xcassets */,
				BD8028652BC9841700369BB7 /* Preview Content */,
			);
			path = "Build Your Own Final Project";
			sourceTree = "<group>";
		};
		BD8028652BC9841700369BB7 /* Preview Content */ = {
			isa = PBXGroup;
			children = (
				BD8028662BC9841700369BB7 /* Preview Assets.xcassets */,
			);
			path = "Preview Content";
			sourceTree = "<group>";
		};
		BDFEA1482BE920330081B60B /* Funtionalities */ = {
			isa = PBXGroup;
			children = (
				BDFEA14F2BF1BB820081B60B /* Cardify.swift */,
				BDFEA14B2BE922820081B60B /* CardMemoryGame.swift */,
				BD1092722BFE42E100E5EDCA /* FlyingNumber.swift */,
				BDFEA1492BE920B20081B60B /* MemoryGame.swift */,
				BDFEA14D2BF1B03B0081B60B /* PieCoundownTimer.swift */,
			);
			path = Funtionalities;
			sourceTree = "<group>";
		};
		E28B96DD2BD6B25900E33E47 /* Views */ = {
			isa = PBXGroup;
			children = (
				BD8028612BC9841600369BB7 /* ContentView.swift */,
				E28B96E12BD94EDB00E33E47 /* GridOptions.swift */,
				E28B96DB2BD6B20F00E33E47 /* GameView.swift */,
			);
			path = Views;
			sourceTree = "<group>";
		};
/* End PBXGroup section */

/* Begin PBXNativeTarget section */
		BD80285B2BC9841600369BB7 /* Build Your Own Final Project */ = {
			isa = PBXNativeTarget;
			buildConfigurationList = BD80286A2BC9841700369BB7 /* Build configuration list for PBXNativeTarget "Build Your Own Final Project" */;
			buildPhases = (
				BD8028582BC9841600369BB7 /* Sources */,
				BD8028592BC9841600369BB7 /* Frameworks */,
				BD80285A2BC9841600369BB7 /* Resources */,
			);
			buildRules = (
			);
			dependencies = (
			);
			name = "Build Your Own Final Project";
			productName = "Build Your Own Final Project";
			productReference = BD80285C2BC9841600369BB7 /* Build Your Own Final Project.app */;
			productType = "com.apple.product-type.application";
		};
/* End PBXNativeTarget section */

/* Begin PBXProject section */
		BD8028542BC9841600369BB7 /* Project object */ = {
			isa = PBXProject;
			attributes = {
				BuildIndependentTargetsInParallel = 1;
				LastSwiftUpdateCheck = 1530;
				LastUpgradeCheck = 1530;
				TargetAttributes = {
					BD80285B2BC9841600369BB7 = {
						CreatedOnToolsVersion = 15.3;
					};
				};
			};
			buildConfigurationList = BD8028572BC9841600369BB7 /* Build configuration list for PBXProject "Build Your Own Final Project" */;
			compatibilityVersion = "Xcode 14.0";
			developmentRegion = en;
			hasScannedForEncodings = 0;
			knownRegions = (
				en,
				Base,
			);
			mainGroup = BD8028532BC9841600369BB7;
			productRefGroup = BD80285D2BC9841600369BB7 /* Products */;
			projectDirPath = "";
			projectRoot = "";
			targets = (
				BD80285B2BC9841600369BB7 /* Build Your Own Final Project */,
			);
		};
/* End PBXProject section */

/* Begin PBXResourcesBuildPhase section */
		BD80285A2BC9841600369BB7 /* Resources */ = {
			isa = PBXResourcesBuildPhase;
			buildActionMask = 2147483647;
			files = (
				BD8028672BC9841700369BB7 /* Preview Assets.xcassets in Resources */,
				BD8028642BC9841700369BB7 /* Assets.xcassets in Resources */,
			);
			runOnlyForDeploymentPostprocessing = 0;
		};
/* End PBXResourcesBuildPhase section */

/* Begin PBXSourcesBuildPhase section */
		BD8028582BC9841600369BB7 /* Sources */ = {
			isa = PBXSourcesBuildPhase;
			buildActionMask = 2147483647;
			files = (
				BDFEA14C2BE922820081B60B /* CardMemoryGame.swift in Sources */,
				BD8028622BC9841600369BB7 /* ContentView.swift in Sources */,
				BD1092732BFE42E100E5EDCA /* FlyingNumber.swift in Sources */,
				BDFEA1502BF1BB820081B60B /* Cardify.swift in Sources */,
				E28B96DC2BD6B20F00E33E47 /* GameView.swift in Sources */,
				E28B96E22BD94EDB00E33E47 /* GridOptions.swift in Sources */,
				BDFEA14A2BE920B20081B60B /* MemoryGame.swift in Sources */,
				BDFEA14E2BF1B03B0081B60B /* PieCoundownTimer.swift in Sources */,
				BD8028602BC9841600369BB7 /* Build_Your_Own_Final_ProjectApp.swift in Sources */,
			);
			runOnlyForDeploymentPostprocessing = 0;
		};
/* End PBXSourcesBuildPhase section */

/* Begin XCBuildConfiguration section */
		BD8028682BC9841700369BB7 /* Debug */ = {
			isa = XCBuildConfiguration;
			buildSettings = {
				ALWAYS_SEARCH_USER_PATHS = NO;
				ASSETCATALOG_COMPILER_GENERATE_SWIFT_ASSET_SYMBOL_EXTENSIONS = YES;
				CLANG_ANALYZER_NONNULL = YES;
				CLANG_ANALYZER_NUMBER_OBJECT_CONVERSION = YES_AGGRESSIVE;
				CLANG_CXX_LANGUAGE_STANDARD = "gnu++20";
				CLANG_ENABLE_MODULES = YES;
				CLANG_ENABLE_OBJC_ARC = YES;
				CLANG_ENABLE_OBJC_WEAK = YES;
				CLANG_WARN_BLOCK_CAPTURE_AUTORELEASING = YES;
				CLANG_WARN_BOOL_CONVERSION = YES;
				CLANG_WARN_COMMA = YES;
				CLANG_WARN_CONSTANT_CONVERSION = YES;
				CLANG_WARN_DEPRECATED_OBJC_IMPLEMENTATIONS = YES;
				CLANG_WARN_DIRECT_OBJC_ISA_USAGE = YES_ERROR;
				CLANG_WARN_DOCUMENTATION_COMMENTS = YES;
				CLANG_WARN_EMPTY_BODY = YES;
				CLANG_WARN_ENUM_CONVERSION = YES;
				CLANG_WARN_INFINITE_RECURSION = YES;
				CLANG_WARN_INT_CONVERSION = YES;
				CLANG_WARN_NON_LITERAL_NULL_CONVERSION = YES;
				CLANG_WARN_OBJC_IMPLICIT_RETAIN_SELF = YES;
				CLANG_WARN_OBJC_LITERAL_CONVERSION = YES;
				CLANG_WARN_OBJC_ROOT_CLASS = YES_ERROR;
				CLANG_WARN_QUOTED_INCLUDE_IN_FRAMEWORK_HEADER = YES;
				CLANG_WARN_RANGE_LOOP_ANALYSIS = YES;
				CLANG_WARN_STRICT_PROTOTYPES = YES;
				CLANG_WARN_SUSPICIOUS_MOVE = YES;
				CLANG_WARN_UNGUARDED_AVAILABILITY = YES_AGGRESSIVE;
				CLANG_WARN_UNREACHABLE_CODE = YES;
				CLANG_WARN__DUPLICATE_METHOD_MATCH = YES;
				COPY_PHASE_STRIP = NO;
				DEBUG_INFORMATION_FORMAT = dwarf;
				ENABLE_STRICT_OBJC_MSGSEND = YES;
				ENABLE_TESTABILITY = YES;
				ENABLE_USER_SCRIPT_SANDBOXING = YES;
				GCC_C_LANGUAGE_STANDARD = gnu17;
				GCC_DYNAMIC_NO_PIC = NO;
				GCC_NO_COMMON_BLOCKS = YES;
				GCC_OPTIMIZATION_LEVEL = 0;
				GCC_PREPROCESSOR_DEFINITIONS = (
					"DEBUG=1",
					"$(inherited)",
				);
				GCC_WARN_64_TO_32_BIT_CONVERSION = YES;
				GCC_WARN_ABOUT_RETURN_TYPE = YES_ERROR;
				GCC_WARN_UNDECLARED_SELECTOR = YES;
				GCC_WARN_UNINITIALIZED_AUTOS = YES_AGGRESSIVE;
				GCC_WARN_UNUSED_FUNCTION = YES;
				GCC_WARN_UNUSED_VARIABLE = YES;
				IPHONEOS_DEPLOYMENT_TARGET = 17.4;
				LOCALIZATION_PREFERS_STRING_CATALOGS = YES;
				MTL_ENABLE_DEBUG_INFO = INCLUDE_SOURCE;
				MTL_FAST_MATH = YES;
				ONLY_ACTIVE_ARCH = YES;
				SDKROOT = iphoneos;
				SWIFT_ACTIVE_COMPILATION_CONDITIONS = "DEBUG $(inherited)";
				SWIFT_OPTIMIZATION_LEVEL = "-Onone";
			};
			name = Debug;
		};
		BD8028692BC9841700369BB7 /* Release */ = {
			isa = XCBuildConfiguration;
			buildSettings = {
				ALWAYS_SEARCH_USER_PATHS = NO;
				ASSETCATALOG_COMPILER_GENERATE_SWIFT_ASSET_SYMBOL_EXTENSIONS = YES;
				CLANG_ANALYZER_NONNULL = YES;
				CLANG_ANALYZER_NUMBER_OBJECT_CONVERSION = YES_AGGRESSIVE;
				CLANG_CXX_LANGUAGE_STANDARD = "gnu++20";
				CLANG_ENABLE_MODULES = YES;
				CLANG_ENABLE_OBJC_ARC = YES;
				CLANG_ENABLE_OBJC_WEAK = YES;
				CLANG_WARN_BLOCK_CAPTURE_AUTORELEASING = YES;
				CLANG_WARN_BOOL_CONVERSION = YES;
				CLANG_WARN_COMMA = YES;
				CLANG_WARN_CONSTANT_CONVERSION = YES;
				CLANG_WARN_DEPRECATED_OBJC_IMPLEMENTATIONS = YES;
				CLANG_WARN_DIRECT_OBJC_ISA_USAGE = YES_ERROR;
				CLANG_WARN_DOCUMENTATION_COMMENTS = YES;
				CLANG_WARN_EMPTY_BODY = YES;
				CLANG_WARN_ENUM_CONVERSION = YES;
				CLANG_WARN_INFINITE_RECURSION = YES;
				CLANG_WARN_INT_CONVERSION = YES;
				CLANG_WARN_NON_LITERAL_NULL_CONVERSION = YES;
				CLANG_WARN_OBJC_IMPLICIT_RETAIN_SELF = YES;
				CLANG_WARN_OBJC_LITERAL_CONVERSION = YES;
				CLANG_WARN_OBJC_ROOT_CLASS = YES_ERROR;
				CLANG_WARN_QUOTED_INCLUDE_IN_FRAMEWORK_HEADER = YES;
				CLANG_WARN_RANGE_LOOP_ANALYSIS = YES;
				CLANG_WARN_STRICT_PROTOTYPES = YES;
				CLANG_WARN_SUSPICIOUS_MOVE = YES;
				CLANG_WARN_UNGUARDED_AVAILABILITY = YES_AGGRESSIVE;
				CLANG_WARN_UNREACHABLE_CODE = YES;
				CLANG_WARN__DUPLICATE_METHOD_MATCH = YES;
				COPY_PHASE_STRIP = NO;
				DEBUG_INFORMATION_FORMAT = "dwarf-with-dsym";
				ENABLE_NS_ASSERTIONS = NO;
				ENABLE_STRICT_OBJC_MSGSEND = YES;
				ENABLE_USER_SCRIPT_SANDBOXING = YES;
				GCC_C_LANGUAGE_STANDARD = gnu17;
				GCC_NO_COMMON_BLOCKS = YES;
				GCC_WARN_64_TO_32_BIT_CONVERSION = YES;
				GCC_WARN_ABOUT_RETURN_TYPE = YES_ERROR;
				GCC_WARN_UNDECLARED_SELECTOR = YES;
				GCC_WARN_UNINITIALIZED_AUTOS = YES_AGGRESSIVE;
				GCC_WARN_UNUSED_FUNCTION = YES;
				GCC_WARN_UNUSED_VARIABLE = YES;
				IPHONEOS_DEPLOYMENT_TARGET = 17.4;
				LOCALIZATION_PREFERS_STRING_CATALOGS = YES;
				MTL_ENABLE_DEBUG_INFO = NO;
				MTL_FAST_MATH = YES;
				SDKROOT = iphoneos;
				SWIFT_COMPILATION_MODE = wholemodule;
				VALIDATE_PRODUCT = YES;
			};
			name = Release;
		};
		BD80286B2BC9841700369BB7 /* Debug */ = {
			isa = XCBuildConfiguration;
			buildSettings = {
				ASSETCATALOG_COMPILER_APPICON_NAME = AppIcon;
				ASSETCATALOG_COMPILER_GLOBAL_ACCENT_COLOR_NAME = AccentColor;
				CODE_SIGN_STYLE = Automatic;
				CURRENT_PROJECT_VERSION = 1;
				DEVELOPMENT_ASSET_PATHS = "\"Build Your Own Final Project/Preview Content\"";
				DEVELOPMENT_TEAM = TK2W8Z9B6D;
				ENABLE_PREVIEWS = YES;
				GENERATE_INFOPLIST_FILE = YES;
				INFOPLIST_KEY_UIApplicationSceneManifest_Generation = YES;
				INFOPLIST_KEY_UIApplicationSupportsIndirectInputEvents = YES;
				INFOPLIST_KEY_UILaunchScreen_Generation = YES;
				INFOPLIST_KEY_UISupportedInterfaceOrientations_iPad = "UIInterfaceOrientationPortrait UIInterfaceOrientationPortraitUpsideDown UIInterfaceOrientationLandscapeLeft UIInterfaceOrientationLandscapeRight";
				INFOPLIST_KEY_UISupportedInterfaceOrientations_iPhone = "UIInterfaceOrientationPortrait UIInterfaceOrientationLandscapeLeft UIInterfaceOrientationLandscapeRight";
				LD_RUNPATH_SEARCH_PATHS = (
					"$(inherited)",
					"@executable_path/Frameworks",
				);
				MARKETING_VERSION = 1.0;
				PRODUCT_BUNDLE_IDENTIFIER = "FabiolaSoftware.Build-Your-Own-Final-Project";
				PRODUCT_NAME = "$(TARGET_NAME)";
				SWIFT_EMIT_LOC_STRINGS = YES;
				SWIFT_VERSION = 5.0;
				TARGETED_DEVICE_FAMILY = "1,2";
			};
			name = Debug;
		};
		BD80286C2BC9841700369BB7 /* Release */ = {
			isa = XCBuildConfiguration;
			buildSettings = {
				ASSETCATALOG_COMPILER_APPICON_NAME = AppIcon;
				ASSETCATALOG_COMPILER_GLOBAL_ACCENT_COLOR_NAME = AccentColor;
				CODE_SIGN_STYLE = Automatic;
				CURRENT_PROJECT_VERSION = 1;
				DEVELOPMENT_ASSET_PATHS = "\"Build Your Own Final Project/Preview Content\"";
				DEVELOPMENT_TEAM = TK2W8Z9B6D;
				ENABLE_PREVIEWS = YES;
				GENERATE_INFOPLIST_FILE = YES;
				INFOPLIST_KEY_UIApplicationSceneManifest_Generation = YES;
				INFOPLIST_KEY_UIApplicationSupportsIndirectInputEvents = YES;
				INFOPLIST_KEY_UILaunchScreen_Generation = YES;
				INFOPLIST_KEY_UISupportedInterfaceOrientations_iPad = "UIInterfaceOrientationPortrait UIInterfaceOrientationPortraitUpsideDown UIInterfaceOrientationLandscapeLeft UIInterfaceOrientationLandscapeRight";
				INFOPLIST_KEY_UISupportedInterfaceOrientations_iPhone = "UIInterfaceOrientationPortrait UIInterfaceOrientationLandscapeLeft UIInterfaceOrientationLandscapeRight";
				LD_RUNPATH_SEARCH_PATHS = (
					"$(inherited)",
					"@executable_path/Frameworks",
				);
				MARKETING_VERSION = 1.0;
				PRODUCT_BUNDLE_IDENTIFIER = "FabiolaSoftware.Build-Your-Own-Final-Project";
				PRODUCT_NAME = "$(TARGET_NAME)";
				SWIFT_EMIT_LOC_STRINGS = YES;
				SWIFT_VERSION = 5.0;
				TARGETED_DEVICE_FAMILY = "1,2";
			};
			name = Release;
		};
/* End XCBuildConfiguration section */

/* Begin XCConfigurationList section */
		BD8028572BC9841600369BB7 /* Build configuration list for PBXProject "Build Your Own Final Project" */ = {
			isa = XCConfigurationList;
			buildConfigurations = (
				BD8028682BC9841700369BB7 /* Debug */,
				BD8028692BC9841700369BB7 /* Release */,
			);
			defaultConfigurationIsVisible = 0;
			defaultConfigurationName = Release;
		};
		BD80286A2BC9841700369BB7 /* Build configuration list for PBXNativeTarget "Build Your Own Final Project" */ = {
			isa = XCConfigurationList;
			buildConfigurations = (
				BD80286B2BC9841700369BB7 /* Debug */,
				BD80286C2BC9841700369BB7 /* Release */,
			);
			defaultConfigurationIsVisible = 0;
			defaultConfigurationName = Release;
		};
/* End XCConfigurationList section */
	};
	rootObject = BD8028542BC9841600369BB7 /* Project object */;
}
